// !$*UTF8*$!
{
	archiveVersion = 1;
	classes = {
	};
	objectVersion = 46;
	objects = {

/* Begin PBXBuildFile section */
		E125E94B17187C9800E68413 /* UIKit.framework in Frameworks */ = {isa = PBXBuildFile; fileRef = E125E94A17187C9800E68413 /* UIKit.framework */; };
		E125E94D17187C9800E68413 /* Foundation.framework in Frameworks */ = {isa = PBXBuildFile; fileRef = E125E94C17187C9800E68413 /* Foundation.framework */; };
		E125E94F17187C9800E68413 /* CoreGraphics.framework in Frameworks */ = {isa = PBXBuildFile; fileRef = E125E94E17187C9800E68413 /* CoreGraphics.framework */; };
		E125E95517187C9800E68413 /* InfoPlist.strings in Resources */ = {isa = PBXBuildFile; fileRef = E125E95317187C9800E68413 /* InfoPlist.strings */; };
		E125E95717187C9800E68413 /* main.m in Sources */ = {isa = PBXBuildFile; fileRef = E125E95617187C9800E68413 /* main.m */; };
		E125E95B17187C9800E68413 /* tttAppDelegate.m in Sources */ = {isa = PBXBuildFile; fileRef = E125E95A17187C9800E68413 /* tttAppDelegate.m */; };
		E125E95D17187C9800E68413 /* Default.png in Resources */ = {isa = PBXBuildFile; fileRef = E125E95C17187C9800E68413 /* Default.png */; };
		E125E95F17187C9800E68413 /* Default@2x.png in Resources */ = {isa = PBXBuildFile; fileRef = E125E95E17187C9800E68413 /* Default@2x.png */; };
		E125E96117187C9800E68413 /* Default-568h@2x.png in Resources */ = {isa = PBXBuildFile; fileRef = E125E96017187C9800E68413 /* Default-568h@2x.png */; };
		E125E96417187C9800E68413 /* MainStoryboard_iPhone.storyboard in Resources */ = {isa = PBXBuildFile; fileRef = E125E96217187C9800E68413 /* MainStoryboard_iPhone.storyboard */; };
		E125E96717187C9800E68413 /* MainStoryboard_iPad.storyboard in Resources */ = {isa = PBXBuildFile; fileRef = E125E96517187C9800E68413 /* MainStoryboard_iPad.storyboard */; };
		E125E96A17187C9800E68413 /* tttFirstViewController.m in Sources */ = {isa = PBXBuildFile; fileRef = E125E96917187C9800E68413 /* tttFirstViewController.m */; };
		E125E96C17187C9800E68413 /* first.png in Resources */ = {isa = PBXBuildFile; fileRef = E125E96B17187C9800E68413 /* first.png */; };
		E125E96E17187C9800E68413 /* first@2x.png in Resources */ = {isa = PBXBuildFile; fileRef = E125E96D17187C9800E68413 /* first@2x.png */; };
		E125E97117187C9800E68413 /* tttSecondViewController.m in Sources */ = {isa = PBXBuildFile; fileRef = E125E97017187C9800E68413 /* tttSecondViewController.m */; };
		E125E97317187C9800E68413 /* second.png in Resources */ = {isa = PBXBuildFile; fileRef = E125E97217187C9800E68413 /* second.png */; };
		E125E97517187C9800E68413 /* second@2x.png in Resources */ = {isa = PBXBuildFile; fileRef = E125E97417187C9800E68413 /* second@2x.png */; };
/* End PBXBuildFile section */

/* Begin PBXFileReference section */
		E125E94717187C9800E68413 /* TagTheTram.app */ = {isa = PBXFileReference; explicitFileType = wrapper.application; includeInIndex = 0; path = TagTheTram.app; sourceTree = BUILT_PRODUCTS_DIR; };
		E125E94A17187C9800E68413 /* UIKit.framework */ = {isa = PBXFileReference; lastKnownFileType = wrapper.framework; name = UIKit.framework; path = System/Library/Frameworks/UIKit.framework; sourceTree = SDKROOT; };
		E125E94C17187C9800E68413 /* Foundation.framework */ = {isa = PBXFileReference; lastKnownFileType = wrapper.framework; name = Foundation.framework; path = System/Library/Frameworks/Foundation.framework; sourceTree = SDKROOT; };
		E125E94E17187C9800E68413 /* CoreGraphics.framework */ = {isa = PBXFileReference; lastKnownFileType = wrapper.framework; name = CoreGraphics.framework; path = System/Library/Frameworks/CoreGraphics.framework; sourceTree = SDKROOT; };
		E125E95217187C9800E68413 /* TagTheTram-Info.plist */ = {isa = PBXFileReference; lastKnownFileType = text.plist.xml; path = "TagTheTram-Info.plist"; sourceTree = "<group>"; };
		E125E95417187C9800E68413 /* en */ = {isa = PBXFileReference; lastKnownFileType = text.plist.strings; name = en; path = en.lproj/InfoPlist.strings; sourceTree = "<group>"; };
		E125E95617187C9800E68413 /* main.m */ = {isa = PBXFileReference; lastKnownFileType = sourcecode.c.objc; path = main.m; sourceTree = "<group>"; };
		E125E95817187C9800E68413 /* TagTheTram-Prefix.pch */ = {isa = PBXFileReference; lastKnownFileType = sourcecode.c.h; path = "TagTheTram-Prefix.pch"; sourceTree = "<group>"; };
		E125E95917187C9800E68413 /* tttAppDelegate.h */ = {isa = PBXFileReference; lastKnownFileType = sourcecode.c.h; path = tttAppDelegate.h; sourceTree = "<group>"; };
		E125E95A17187C9800E68413 /* tttAppDelegate.m */ = {isa = PBXFileReference; lastKnownFileType = sourcecode.c.objc; path = tttAppDelegate.m; sourceTree = "<group>"; };
		E125E95C17187C9800E68413 /* Default.png */ = {isa = PBXFileReference; lastKnownFileType = image.png; path = Default.png; sourceTree = "<group>"; };
		E125E95E17187C9800E68413 /* Default@2x.png */ = {isa = PBXFileReference; lastKnownFileType = image.png; path = "Default@2x.png"; sourceTree = "<group>"; };
		E125E96017187C9800E68413 /* Default-568h@2x.png */ = {isa = PBXFileReference; lastKnownFileType = image.png; path = "Default-568h@2x.png"; sourceTree = "<group>"; };
		E125E96317187C9800E68413 /* en */ = {isa = PBXFileReference; lastKnownFileType = file.storyboard; name = en; path = en.lproj/MainStoryboard_iPhone.storyboard; sourceTree = "<group>"; };
		E125E96617187C9800E68413 /* en */ = {isa = PBXFileReference; lastKnownFileType = file.storyboard; name = en; path = en.lproj/MainStoryboard_iPad.storyboard; sourceTree = "<group>"; };
		E125E96817187C9800E68413 /* tttFirstViewController.h */ = {isa = PBXFileReference; lastKnownFileType = sourcecode.c.h; path = tttFirstViewController.h; sourceTree = "<group>"; };
		E125E96917187C9800E68413 /* tttFirstViewController.m */ = {isa = PBXFileReference; lastKnownFileType = sourcecode.c.objc; path = tttFirstViewController.m; sourceTree = "<group>"; };
		E125E96B17187C9800E68413 /* first.png */ = {isa = PBXFileReference; lastKnownFileType = image.png; path = first.png; sourceTree = "<group>"; };
		E125E96D17187C9800E68413 /* first@2x.png */ = {isa = PBXFileReference; lastKnownFileType = image.png; path = "first@2x.png"; sourceTree = "<group>"; };
		E125E96F17187C9800E68413 /* tttSecondViewController.h */ = {isa = PBXFileReference; lastKnownFileType = sourcecode.c.h; path = tttSecondViewController.h; sourceTree = "<group>"; };
		E125E97017187C9800E68413 /* tttSecondViewController.m */ = {isa = PBXFileReference; lastKnownFileType = sourcecode.c.objc; path = tttSecondViewController.m; sourceTree = "<group>"; };
		E125E97217187C9800E68413 /* second.png */ = {isa = PBXFileReference; lastKnownFileType = image.png; path = second.png; sourceTree = "<group>"; };
		E125E97417187C9800E68413 /* second@2x.png */ = {isa = PBXFileReference; lastKnownFileType = image.png; path = "second@2x.png"; sourceTree = "<group>"; };
/* End PBXFileReference section */

/* Begin PBXFrameworksBuildPhase section */
		E125E94417187C9800E68413 /* Frameworks */ = {
			isa = PBXFrameworksBuildPhase;
			buildActionMask = 2147483647;
			files = (
				E125E94B17187C9800E68413 /* UIKit.framework in Frameworks */,
				E125E94D17187C9800E68413 /* Foundation.framework in Frameworks */,
				E125E94F17187C9800E68413 /* CoreGraphics.framework in Frameworks */,
			);
			runOnlyForDeploymentPostprocessing = 0;
		};
/* End PBXFrameworksBuildPhase section */

/* Begin PBXGroup section */
		E125E93E17187C9800E68413 = {
			isa = PBXGroup;
			children = (
				E125E95017187C9800E68413 /* TagTheTram */,
				E125E94917187C9800E68413 /* Frameworks */,
				E125E94817187C9800E68413 /* Products */,
			);
			sourceTree = "<group>";
		};
		E125E94817187C9800E68413 /* Products */ = {
			isa = PBXGroup;
			children = (
				E125E94717187C9800E68413 /* TagTheTram.app */,
			);
			name = Products;
			sourceTree = "<group>";
		};
		E125E94917187C9800E68413 /* Frameworks */ = {
			isa = PBXGroup;
			children = (
				E125E94A17187C9800E68413 /* UIKit.framework */,
				E125E94C17187C9800E68413 /* Foundation.framework */,
				E125E94E17187C9800E68413 /* CoreGraphics.framework */,
			);
			name = Frameworks;
			sourceTree = "<group>";
		};
		E125E95017187C9800E68413 /* TagTheTram */ = {
			isa = PBXGroup;
			children = (
				E125E95917187C9800E68413 /* tttAppDelegate.h */,
				E125E95A17187C9800E68413 /* tttAppDelegate.m */,
				E125E96217187C9800E68413 /* MainStoryboard_iPhone.storyboard */,
				E125E96517187C9800E68413 /* MainStoryboard_iPad.storyboard */,
				E125E96817187C9800E68413 /* tttFirstViewController.h */,
				E125E96917187C9800E68413 /* tttFirstViewController.m */,
				E125E96B17187C9800E68413 /* first.png */,
				E125E96D17187C9800E68413 /* first@2x.png */,
				E125E96F17187C9800E68413 /* tttSecondViewController.h */,
				E125E97017187C9800E68413 /* tttSecondViewController.m */,
				E125E97217187C9800E68413 /* second.png */,
				E125E97417187C9800E68413 /* second@2x.png */,
				E125E95117187C9800E68413 /* Supporting Files */,
			);
			path = TagTheTram;
			sourceTree = "<group>";
		};
		E125E95117187C9800E68413 /* Supporting Files */ = {
			isa = PBXGroup;
			children = (
				E125E95217187C9800E68413 /* TagTheTram-Info.plist */,
				E125E95317187C9800E68413 /* InfoPlist.strings */,
				E125E95617187C9800E68413 /* main.m */,
				E125E95817187C9800E68413 /* TagTheTram-Prefix.pch */,
				E125E95C17187C9800E68413 /* Default.png */,
				E125E95E17187C9800E68413 /* Default@2x.png */,
				E125E96017187C9800E68413 /* Default-568h@2x.png */,
			);
			name = "Supporting Files";
			sourceTree = "<group>";
		};
/* End PBXGroup section */

/* Begin PBXNativeTarget section */
		E125E94617187C9800E68413 /* TagTheTram */ = {
			isa = PBXNativeTarget;
			buildConfigurationList = E125E97817187C9800E68413 /* Build configuration list for PBXNativeTarget "TagTheTram" */;
			buildPhases = (
				E125E94317187C9800E68413 /* Sources */,
				E125E94417187C9800E68413 /* Frameworks */,
				E125E94517187C9800E68413 /* Resources */,
			);
			buildRules = (
			);
			dependencies = (
			);
			name = TagTheTram;
			productName = TagTheTram;
			productReference = E125E94717187C9800E68413 /* TagTheTram.app */;
			productType = "com.apple.product-type.application";
		};
/* End PBXNativeTarget section */

/* Begin PBXProject section */
		E125E93F17187C9800E68413 /* Project object */ = {
			isa = PBXProject;
			attributes = {
				CLASSPREFIX = ttt;
				LastUpgradeCheck = 0460;
				ORGANIZATIONNAME = divol;
			};
			buildConfigurationList = E125E94217187C9800E68413 /* Build configuration list for PBXProject "TagTheTram" */;
			compatibilityVersion = "Xcode 3.2";
			developmentRegion = English;
			hasScannedForEncodings = 0;
			knownRegions = (
				en,
			);
			mainGroup = E125E93E17187C9800E68413;
			productRefGroup = E125E94817187C9800E68413 /* Products */;
			projectDirPath = "";
			projectRoot = "";
			targets = (
				E125E94617187C9800E68413 /* TagTheTram */,
			);
		};
/* End PBXProject section */

/* Begin PBXResourcesBuildPhase section */
		E125E94517187C9800E68413 /* Resources */ = {
			isa = PBXResourcesBuildPhase;
			buildActionMask = 2147483647;
			files = (
				E125E95517187C9800E68413 /* InfoPlist.strings in Resources */,
				E125E95D17187C9800E68413 /* Default.png in Resources */,
				E125E95F17187C9800E68413 /* Default@2x.png in Resources */,
				E125E96117187C9800E68413 /* Default-568h@2x.png in Resources */,
				E125E96417187C9800E68413 /* MainStoryboard_iPhone.storyboard in Resources */,
				E125E96717187C9800E68413 /* MainStoryboard_iPad.storyboard in Resources */,
				E125E96C17187C9800E68413 /* first.png in Resources */,
				E125E96E17187C9800E68413 /* first@2x.png in Resources */,
				E125E97317187C9800E68413 /* second.png in Resources */,
				E125E97517187C9800E68413 /* second@2x.png in Resources */,
			);
			runOnlyForDeploymentPostprocessing = 0;
		};
/* End PBXResourcesBuildPhase section */

/* Begin PBXSourcesBuildPhase section */
		E125E94317187C9800E68413 /* Sources */ = {
			isa = PBXSourcesBuildPhase;
			buildActionMask = 2147483647;
			files = (
				E125E95717187C9800E68413 /* main.m in Sources */,
				E125E95B17187C9800E68413 /* tttAppDelegate.m in Sources */,
				E125E96A17187C9800E68413 /* tttFirstViewController.m in Sources */,
				E125E97117187C9800E68413 /* tttSecondViewController.m in Sources */,
			);
			runOnlyForDeploymentPostprocessing = 0;
		};
/* End PBXSourcesBuildPhase section */

/* Begin PBXVariantGroup section */
		E125E95317187C9800E68413 /* InfoPlist.strings */ = {
			isa = PBXVariantGroup;
			children = (
				E125E95417187C9800E68413 /* en */,
			);
			name = InfoPlist.strings;
			sourceTree = "<group>";
		};
		E125E96217187C9800E68413 /* MainStoryboard_iPhone.storyboard */ = {
			isa = PBXVariantGroup;
			children = (
				E125E96317187C9800E68413 /* en */,
			);
			name = MainStoryboard_iPhone.storyboard;
			sourceTree = "<group>";
		};
		E125E96517187C9800E68413 /* MainStoryboard_iPad.storyboard */ = {
			isa = PBXVariantGroup;
			children = (
				E125E96617187C9800E68413 /* en */,
			);
			name = MainStoryboard_iPad.storyboard;
			sourceTree = "<group>";
		};
/* End PBXVariantGroup section */

/* Begin XCBuildConfiguration section */
		E125E97617187C9800E68413 /* Debug */ = {
			isa = XCBuildConfiguration;
			buildSettings = {
				ALWAYS_SEARCH_USER_PATHS = NO;
				CLANG_CXX_LANGUAGE_STANDARD = "gnu++0x";
				CLANG_CXX_LIBRARY = "libc++";
				CLANG_WARN_CONSTANT_CONVERSION = YES;
				CLANG_WARN_EMPTY_BODY = YES;
				CLANG_WARN_ENUM_CONVERSION = YES;
				CLANG_WARN_INT_CONVERSION = YES;
				CLANG_WARN__DUPLICATE_METHOD_MATCH = YES;
				"CODE_SIGN_IDENTITY[sdk=iphoneos*]" = "iPhone Developer";
				COPY_PHASE_STRIP = NO;
				GCC_C_LANGUAGE_STANDARD = gnu99;
				GCC_DYNAMIC_NO_PIC = NO;
				GCC_OPTIMIZATION_LEVEL = 0;
				GCC_PREPROCESSOR_DEFINITIONS = (
					"DEBUG=1",
					"$(inherited)",
				);
				GCC_SYMBOLS_PRIVATE_EXTERN = NO;
				GCC_WARN_ABOUT_RETURN_TYPE = YES;
				GCC_WARN_UNINITIALIZED_AUTOS = YES;
				GCC_WARN_UNUSED_VARIABLE = YES;
				IPHONEOS_DEPLOYMENT_TARGET = 6.1;
				ONLY_ACTIVE_ARCH = YES;
				SDKROOT = iphoneos;
				TARGETED_DEVICE_FAMILY = "1,2";
			};
			name = Debug;
		};
		E125E97717187C9800E68413 /* Release */ = {
			isa = XCBuildConfiguration;
			buildSettings = {
				ALWAYS_SEARCH_USER_PATHS = NO;
				CLANG_CXX_LANGUAGE_STANDARD = "gnu++0x";
				CLANG_CXX_LIBRARY = "libc++";
				CLANG_WARN_CONSTANT_CONVERSION = YES;
				CLANG_WARN_EMPTY_BODY = YES;
				CLANG_WARN_ENUM_CONVERSION = YES;
				CLANG_WARN_INT_CONVERSION = YES;
				CLANG_WARN__DUPLICATE_METHOD_MATCH = YES;
				"CODE_SIGN_IDENTITY[sdk=iphoneos*]" = "iPhone Developer";
				COPY_PHASE_STRIP = YES;
				GCC_C_LANGUAGE_STANDARD = gnu99;
				GCC_WARN_ABOUT_RETURN_TYPE = YES;
				GCC_WARN_UNINITIALIZED_AUTOS = YES;
				GCC_WARN_UNUSED_VARIABLE = YES;
				IPHONEOS_DEPLOYMENT_TARGET = 6.1;
				OTHER_CFLAGS = "-DNS_BLOCK_ASSERTIONS=1";
				SDKROOT = iphoneos;
				TARGETED_DEVICE_FAMILY = "1,2";
				VALIDATE_PRODUCT = YES;
			};
			name = Release;
		};
		E125E97917187C9800E68413 /* Debug */ = {
			isa = XCBuildConfiguration;
			buildSettings = {
				GCC_PRECOMPILE_PREFIX_HEADER = YES;
				GCC_PREFIX_HEADER = "TagTheTram/TagTheTram-Prefix.pch";
				INFOPLIST_FILE = "TagTheTram/TagTheTram-Info.plist";
				PRODUCT_NAME = "$(TARGET_NAME)";
				WRAPPER_EXTENSION = app;
			};
			name = Debug;
		};
		E125E97A17187C9800E68413 /* Release */ = {
			isa = XCBuildConfiguration;
			buildSettings = {
				GCC_PRECOMPILE_PREFIX_HEADER = YES;
				GCC_PREFIX_HEADER = "TagTheTram/TagTheTram-Prefix.pch";
				INFOPLIST_FILE = "TagTheTram/TagTheTram-Info.plist";
				PRODUCT_NAME = "$(TARGET_NAME)";
				WRAPPER_EXTENSION = app;
			};
			name = Release;
		};
/* End XCBuildConfiguration section */

/* Begin XCConfigurationList section */
		E125E94217187C9800E68413 /* Build configuration list for PBXProject "TagTheTram" */ = {
			isa = XCConfigurationList;
			buildConfigurations = (
				E125E97617187C9800E68413 /* Debug */,
				E125E97717187C9800E68413 /* Release */,
			);
			defaultConfigurationIsVisible = 0;
			defaultConfigurationName = Release;
		};
		E125E97817187C9800E68413 /* Build configuration list for PBXNativeTarget "TagTheTram" */ = {
			isa = XCConfigurationList;
			buildConfigurations = (
				E125E97917187C9800E68413 /* Debug */,
				E125E97A17187C9800E68413 /* Release */,
			);
			defaultConfigurationIsVisible = 0;
		};
/* End XCConfigurationList section */
	};
	rootObject = E125E93F17187C9800E68413 /* Project object */;
}
